
Microsoft Visual Studio Solution File, Format Version 12.00
# Visual Studio Version 17
VisualStudioVersion = 17.10.35013.160
MinimumVisualStudioVersion = 10.0.40219.1
Project("{FAE04EC0-301F-11D3-BF4B-00C04F79EFBC}") = "Supershop", "Supershop\Supershop.csproj", "{BAB78F21-AF95-40B9-AD29-FE428965D59E}"
EndProject
Global
	GlobalSection(SolutionConfigurationPlatforms) = preSolution
		Debug|Any CPU = Debug|Any CPU
		Release|Any CPU = Release|Any CPU
	EndGlobalSection
	GlobalSection(ProjectConfigurationPlatforms) = postSolution
		{BAB78F21-AF95-40B9-AD29-FE428965D59E}.Debug|Any CPU.ActiveCfg = Debug|Any CPU
		{BAB78F21-AF95-40B9-AD29-FE428965D59E}.Debug|Any CPU.Build.0 = Debug|Any CPU
		{BAB78F21-AF95-40B9-AD29-FE428965D59E}.Release|Any CPU.ActiveCfg = Release|Any CPU
		{BAB78F21-AF95-40B9-AD29-FE428965D59E}.Release|Any CPU.Build.0 = Release|Any CPU
	EndGlobalSection
	GlobalSection(SolutionProperties) = preSolution
		HideSolutionNode = FALSE
	EndGlobalSection
	GlobalSection(ExtensibilityGlobals) = postSolution
		SolutionGuid = {2F9B5499-51EE-4759-986D-46E13D093E9E}
	EndGlobalSection
EndGlobal
